
Microsoft Visual Studio Solution File, Format Version 12.00
# Visual Studio Version 17
VisualStudioVersion = 17.5.33516.290
MinimumVisualStudioVersion = 10.0.40219.1
Project("{FAE04EC0-301F-11D3-BF4B-00C04F79EFBC}") = "2048", "2048\2048.csproj", "{D60900E2-D1A9-4A7B-A770-7342DD8D2693}"
EndProject
Global
	GlobalSection(SolutionConfigurationPlatforms) = preSolution
		Debug|Any CPU = Debug|Any CPU
		Release|Any CPU = Release|Any CPU
	EndGlobalSection
	GlobalSection(ProjectConfigurationPlatforms) = postSolution
		{D60900E2-D1A9-4A7B-A770-7342DD8D2693}.Debug|Any CPU.ActiveCfg = Debug|Any CPU
		{D60900E2-D1A9-4A7B-A770-7342DD8D2693}.Debug|Any CPU.Build.0 = Debug|Any CPU
		{D60900E2-D1A9-4A7B-A770-7342DD8D2693}.Release|Any CPU.ActiveCfg = Release|Any CPU
		{D60900E2-D1A9-4A7B-A770-7342DD8D2693}.Release|Any CPU.Build.0 = Release|Any CPU
	EndGlobalSection
	GlobalSection(SolutionProperties) = preSolution
		HideSolutionNode = FALSE
	EndGlobalSection
	GlobalSection(ExtensibilityGlobals) = postSolution
		SolutionGuid = {117774CF-CC72-4896-956C-2CEB3362DC01}
	EndGlobalSection
EndGlobal
